
Microsoft Visual Studio Solution File, Format Version 12.00
# Visual Studio Version 17
VisualStudioVersion = 17.3.32929.385
MinimumVisualStudioVersion = 10.0.40219.1
Project("{FAE04EC0-301F-11D3-BF4B-00C04F79EFBC}") = "XOR_cipher", "XOR_cipher\XOR_cipher.csproj", "{49ED517E-D9C3-41AD-9E09-F067BBD8894E}"
EndProject
Global
	GlobalSection(SolutionConfigurationPlatforms) = preSolution
		Debug|Any CPU = Debug|Any CPU
		Release|Any CPU = Release|Any CPU
	EndGlobalSection
	GlobalSection(ProjectConfigurationPlatforms) = postSolution
		{49ED517E-D9C3-41AD-9E09-F067BBD8894E}.Debug|Any CPU.ActiveCfg = Debug|Any CPU
		{49ED517E-D9C3-41AD-9E09-F067BBD8894E}.Debug|Any CPU.Build.0 = Debug|Any CPU
		{49ED517E-D9C3-41AD-9E09-F067BBD8894E}.Release|Any CPU.ActiveCfg = Release|Any CPU
		{49ED517E-D9C3-41AD-9E09-F067BBD8894E}.Release|Any CPU.Build.0 = Release|Any CPU
	EndGlobalSection
	GlobalSection(SolutionProperties) = preSolution
		HideSolutionNode = FALSE
	EndGlobalSection
	GlobalSection(ExtensibilityGlobals) = postSolution
		SolutionGuid = {25AED011-BD3B-4118-B3E7-94D1C792032C}
	EndGlobalSection
EndGlobal
